
Microsoft Visual Studio Solution File, Format Version 12.00
# Visual Studio 15
VisualStudioVersion = 15.0.28307.1022
MinimumVisualStudioVersion = 10.0.40219.1
Project("{8BC9CEB8-8B4A-11D0-8D11-00A0C91BC942}") = "20200123", "20200123\20200123.vcxproj", "{8EA014CF-6DFA-4127-B500-8704C6DA5259}"
EndProject
Global
	GlobalSection(SolutionConfigurationPlatforms) = preSolution
		Debug|x64 = Debug|x64
		Debug|x86 = Debug|x86
		Release|x64 = Release|x64
		Release|x86 = Release|x86
	EndGlobalSection
	GlobalSection(ProjectConfigurationPlatforms) = postSolution
		{8EA014CF-6DFA-4127-B500-8704C6DA5259}.Debug|x64.ActiveCfg = Debug|x64
		{8EA014CF-6DFA-4127-B500-8704C6DA5259}.Debug|x64.Build.0 = Debug|x64
		{8EA014CF-6DFA-4127-B500-8704C6DA5259}.Debug|x86.ActiveCfg = Debug|Win32
		{8EA014CF-6DFA-4127-B500-8704C6DA5259}.Debug|x86.Build.0 = Debug|Win32
		{8EA014CF-6DFA-4127-B500-8704C6DA5259}.Release|x64.ActiveCfg = Release|x64
		{8EA014CF-6DFA-4127-B500-8704C6DA5259}.Release|x64.Build.0 = Release|x64
		{8EA014CF-6DFA-4127-B500-8704C6DA5259}.Release|x86.ActiveCfg = Release|Win32
		{8EA014CF-6DFA-4127-B500-8704C6DA5259}.Release|x86.Build.0 = Release|Win32
	EndGlobalSection
	GlobalSection(SolutionProperties) = preSolution
		HideSolutionNode = FALSE
	EndGlobalSection
	GlobalSection(ExtensibilityGlobals) = postSolution
		SolutionGuid = {B2FC9360-2381-4B64-B47F-FFA0F4997029}
	EndGlobalSection
EndGlobal
